// !$*UTF8*$!
{
	archiveVersion = 1;
	classes = {
	};
	objectVersion = 55;
	objects = {

/* Begin PBXBuildFile section */
		42561AD029CDDB8000DB675D /* LocationManager.swift in Sources */ = {isa = PBXBuildFile; fileRef = 42561ACF29CDDB8000DB675D /* LocationManager.swift */; };
		42561AD229CDDBC800DB675D /* FetchData.swift in Sources */ = {isa = PBXBuildFile; fileRef = 42561AD129CDDBC800DB675D /* FetchData.swift */; };
		42A5F77C29D1E0180097B66A /* WaterWatchApp.swift in Sources */ = {isa = PBXBuildFile; fileRef = 42A5F77B29D1E0180097B66A /* WaterWatchApp.swift */; };
		48E58DC829C8957A00D68A82 /* SurveyView.swift in Sources */ = {isa = PBXBuildFile; fileRef = 48E58DC729C8957A00D68A82 /* SurveyView.swift */; };
		48E58DCA29C895D500D68A82 /* CheckBox.swift in Sources */ = {isa = PBXBuildFile; fileRef = 48E58DC929C895D500D68A82 /* CheckBox.swift */; };
		6609B4A529ED69DC00D03956 /* CustomTabBar.swift in Sources */ = {isa = PBXBuildFile; fileRef = 6609B4A429ED69DC00D03956 /* CustomTabBar.swift */; };
		6609B4A729ED6A8900D03956 /* ProgressBar.swift in Sources */ = {isa = PBXBuildFile; fileRef = 6609B4A629ED6A8900D03956 /* ProgressBar.swift */; };
		664DF0D529D1DCD100E69DE4 /* SettingsView.swift in Sources */ = {isa = PBXBuildFile; fileRef = 664DF0D429D1DCD100E69DE4 /* SettingsView.swift */; };
		66531DA929B0F0E2009AA66B /* ContentView.swift in Sources */ = {isa = PBXBuildFile; fileRef = 66531DA829B0F0E2009AA66B /* ContentView.swift */; };
		66531DAB29B0F0E4009AA66B /* Assets.xcassets in Resources */ = {isa = PBXBuildFile; fileRef = 66531DAA29B0F0E4009AA66B /* Assets.xcassets */; };
		66531DAE29B0F0E4009AA66B /* Preview Assets.xcassets in Resources */ = {isa = PBXBuildFile; fileRef = 66531DAD29B0F0E4009AA66B /* Preview Assets.xcassets */; };
		6675BD0829B0F442000748E2 /* GoogleService-Info.plist in Resources */ = {isa = PBXBuildFile; fileRef = 6675BD0729B0F442000748E2 /* GoogleService-Info.plist */; };
		667ADFDA29B0F7440062C6F0 /* AuthenticationView.swift in Sources */ = {isa = PBXBuildFile; fileRef = 667ADFD929B0F7440062C6F0 /* AuthenticationView.swift */; };
		667ADFDC29B0F7520062C6F0 /* LoginView.swift in Sources */ = {isa = PBXBuildFile; fileRef = 667ADFDB29B0F7520062C6F0 /* LoginView.swift */; };
		667ADFDE29B0F75F0062C6F0 /* SignUpView.swift in Sources */ = {isa = PBXBuildFile; fileRef = 667ADFDD29B0F75F0062C6F0 /* SignUpView.swift */; };
		667ADFE029B0F7740062C6F0 /* ForgotPassword.swift in Sources */ = {isa = PBXBuildFile; fileRef = 667ADFDF29B0F7740062C6F0 /* ForgotPassword.swift */; };
		66D84E7529B776EE000B6D4C /* HomeView.swift in Sources */ = {isa = PBXBuildFile; fileRef = 66D84E7429B776EE000B6D4C /* HomeView.swift */; };
		66D84E7729B776F7000B6D4C /* UserInfo.swift in Sources */ = {isa = PBXBuildFile; fileRef = 66D84E7629B776F7000B6D4C /* UserInfo.swift */; };
		66D84E7929B7801B000B6D4C /* Constants.swift in Sources */ = {isa = PBXBuildFile; fileRef = 66D84E7829B7801B000B6D4C /* Constants.swift */; };
		CDD596A62C28CBDDED62376B /* Pods_WaterWatch.framework in Frameworks */ = {isa = PBXBuildFile; fileRef = 293B6BC40116789C39E08D3B /* Pods_WaterWatch.framework */; };
/* End PBXBuildFile section */

/* Begin PBXContainerItemProxy section */
		489534D529CDD90B00730177 /* PBXContainerItemProxy */ = {
			isa = PBXContainerItemProxy;
			containerPortal = 66531D9B29B0F0E2009AA66B /* Project object */;
			proxyType = 1;
			remoteGlobalIDString = 489534C629CDD90800730177;
			remoteInfo = WaterWatchWidgetExtension;
		};
/* End PBXContainerItemProxy section */

/* Begin PBXCopyFilesBuildPhase section */
		489534D829CDD90C00730177 /* Embed App Extensions */ = {
			isa = PBXCopyFilesBuildPhase;
			buildActionMask = 2147483647;
			dstPath = "";
			dstSubfolderSpec = 13;
			files = (
			);
			name = "Embed App Extensions";
			runOnlyForDeploymentPostprocessing = 0;
		};
/* End PBXCopyFilesBuildPhase section */

/* Begin PBXFileReference section */
		140D06774E21C4F1D5AFD2B4 /* Pods-WaterWatch.release.xcconfig */ = {isa = PBXFileReference; includeInIndex = 1; lastKnownFileType = text.xcconfig; name = "Pods-WaterWatch.release.xcconfig"; path = "Target Support Files/Pods-WaterWatch/Pods-WaterWatch.release.xcconfig"; sourceTree = "<group>"; };
		293B6BC40116789C39E08D3B /* Pods_WaterWatch.framework */ = {isa = PBXFileReference; explicitFileType = wrapper.framework; includeInIndex = 0; path = Pods_WaterWatch.framework; sourceTree = BUILT_PRODUCTS_DIR; };
		42561ACF29CDDB8000DB675D /* LocationManager.swift */ = {isa = PBXFileReference; fileEncoding = 4; lastKnownFileType = sourcecode.swift; path = LocationManager.swift; sourceTree = "<group>"; };
		42561AD129CDDBC800DB675D /* FetchData.swift */ = {isa = PBXFileReference; lastKnownFileType = sourcecode.swift; path = FetchData.swift; sourceTree = "<group>"; };
		42A5F77B29D1E0180097B66A /* WaterWatchApp.swift */ = {isa = PBXFileReference; lastKnownFileType = sourcecode.swift; path = WaterWatchApp.swift; sourceTree = "<group>"; };
		48E58DC729C8957A00D68A82 /* SurveyView.swift */ = {isa = PBXFileReference; lastKnownFileType = sourcecode.swift; path = SurveyView.swift; sourceTree = "<group>"; };
		48E58DC929C895D500D68A82 /* CheckBox.swift */ = {isa = PBXFileReference; lastKnownFileType = sourcecode.swift; path = CheckBox.swift; sourceTree = "<group>"; };
		6609B4A429ED69DC00D03956 /* CustomTabBar.swift */ = {isa = PBXFileReference; lastKnownFileType = sourcecode.swift; path = CustomTabBar.swift; sourceTree = "<group>"; };
		6609B4A629ED6A8900D03956 /* ProgressBar.swift */ = {isa = PBXFileReference; lastKnownFileType = sourcecode.swift; path = ProgressBar.swift; sourceTree = "<group>"; };
		664DF0D429D1DCD100E69DE4 /* SettingsView.swift */ = {isa = PBXFileReference; lastKnownFileType = sourcecode.swift; path = SettingsView.swift; sourceTree = "<group>"; };
		66531DA329B0F0E2009AA66B /* WaterWatch.app */ = {isa = PBXFileReference; explicitFileType = wrapper.application; includeInIndex = 0; path = WaterWatch.app; sourceTree = BUILT_PRODUCTS_DIR; };
		66531DA829B0F0E2009AA66B /* ContentView.swift */ = {isa = PBXFileReference; lastKnownFileType = sourcecode.swift; path = ContentView.swift; sourceTree = "<group>"; };
		66531DAA29B0F0E4009AA66B /* Assets.xcassets */ = {isa = PBXFileReference; lastKnownFileType = folder.assetcatalog; path = Assets.xcassets; sourceTree = "<group>"; };
		66531DAD29B0F0E4009AA66B /* Preview Assets.xcassets */ = {isa = PBXFileReference; lastKnownFileType = folder.assetcatalog; path = "Preview Assets.xcassets"; sourceTree = "<group>"; };
		6675BD0729B0F442000748E2 /* GoogleService-Info.plist */ = {isa = PBXFileReference; fileEncoding = 4; lastKnownFileType = text.plist.xml; path = "GoogleService-Info.plist"; sourceTree = "<group>"; };
		667ADFD929B0F7440062C6F0 /* AuthenticationView.swift */ = {isa = PBXFileReference; lastKnownFileType = sourcecode.swift; path = AuthenticationView.swift; sourceTree = "<group>"; };
		667ADFDB29B0F7520062C6F0 /* LoginView.swift */ = {isa = PBXFileReference; lastKnownFileType = sourcecode.swift; path = LoginView.swift; sourceTree = "<group>"; };
		667ADFDD29B0F75F0062C6F0 /* SignUpView.swift */ = {isa = PBXFileReference; lastKnownFileType = sourcecode.swift; path = SignUpView.swift; sourceTree = "<group>"; };
		667ADFDF29B0F7740062C6F0 /* ForgotPassword.swift */ = {isa = PBXFileReference; lastKnownFileType = sourcecode.swift; path = ForgotPassword.swift; sourceTree = "<group>"; };
		66D84E7429B776EE000B6D4C /* HomeView.swift */ = {isa = PBXFileReference; fileEncoding = 4; lastKnownFileType = sourcecode.swift; path = HomeView.swift; sourceTree = "<group>"; };
		66D84E7629B776F7000B6D4C /* UserInfo.swift */ = {isa = PBXFileReference; fileEncoding = 4; lastKnownFileType = sourcecode.swift; name = UserInfo.swift; path = WaterWatch/UserInfo.swift; sourceTree = SOURCE_ROOT; };
		66D84E7829B7801B000B6D4C /* Constants.swift */ = {isa = PBXFileReference; lastKnownFileType = sourcecode.swift; path = Constants.swift; sourceTree = "<group>"; };
		DD49101D7B716E453B290B8C /* Pods-WaterWatch.debug.xcconfig */ = {isa = PBXFileReference; includeInIndex = 1; lastKnownFileType = text.xcconfig; name = "Pods-WaterWatch.debug.xcconfig"; path = "Target Support Files/Pods-WaterWatch/Pods-WaterWatch.debug.xcconfig"; sourceTree = "<group>"; };
/* End PBXFileReference section */

/* Begin PBXFrameworksBuildPhase section */
		489534C429CDD90800730177 /* Frameworks */ = {
			isa = PBXFrameworksBuildPhase;
			buildActionMask = 2147483647;
			files = (
			);
			runOnlyForDeploymentPostprocessing = 0;
		};
		66531DA029B0F0E2009AA66B /* Frameworks */ = {
			isa = PBXFrameworksBuildPhase;
			buildActionMask = 2147483647;
			files = (
				CDD596A62C28CBDDED62376B /* Pods_WaterWatch.framework in Frameworks */,
			);
			runOnlyForDeploymentPostprocessing = 0;
		};
/* End PBXFrameworksBuildPhase section */

/* Begin PBXGroup section */
		059B1C486AD7F7619276C2CF /* Pods */ = {
			isa = PBXGroup;
			children = (
				DD49101D7B716E453B290B8C /* Pods-WaterWatch.debug.xcconfig */,
				140D06774E21C4F1D5AFD2B4 /* Pods-WaterWatch.release.xcconfig */,
			);
			path = Pods;
			sourceTree = "<group>";
		};
		489534CC29CDD90800730177 /* WaterWatchWidget */ = {
			isa = PBXGroup;
			children = (
			);
			path = WaterWatchWidget;
			sourceTree = "<group>";
		};
		61FE6EF625266D4DD74EBCCB /* Frameworks */ = {
			isa = PBXGroup;
			children = (
				293B6BC40116789C39E08D3B /* Pods_WaterWatch.framework */,
			);
			name = Frameworks;
			sourceTree = "<group>";
		};
		664DF0D329D1DCB200E69DE4 /* Recovered References */ = {
			isa = PBXGroup;
			children = (
			);
			name = "Recovered References";
			sourceTree = "<group>";
		};
		66531D9A29B0F0E2009AA66B = {
			isa = PBXGroup;
			children = (
				66531DA529B0F0E2009AA66B /* WaterWatch */,
				489534CC29CDD90800730177 /* WaterWatchWidget */,
				66531DA429B0F0E2009AA66B /* Products */,
				059B1C486AD7F7619276C2CF /* Pods */,
				61FE6EF625266D4DD74EBCCB /* Frameworks */,
				664DF0D329D1DCB200E69DE4 /* Recovered References */,
			);
			sourceTree = "<group>";
		};
		66531DA429B0F0E2009AA66B /* Products */ = {
			isa = PBXGroup;
			children = (
				66531DA329B0F0E2009AA66B /* WaterWatch.app */,
			);
			name = Products;
			sourceTree = "<group>";
		};
		66531DA529B0F0E2009AA66B /* WaterWatch */ = {
			isa = PBXGroup;
			children = (
				6675BD0B29B0F4F1000748E2 /* Auth */,
				6675BD0929B0F4BF000748E2 /* Views */,
				6675BD0A29B0F4CB000748E2 /* Models */,
				66531DAA29B0F0E4009AA66B /* Assets.xcassets */,
				6675BD0729B0F442000748E2 /* GoogleService-Info.plist */,
				66531DAC29B0F0E4009AA66B /* Preview Content */,
			);
			path = WaterWatch;
			sourceTree = "<group>";
		};
		66531DAC29B0F0E4009AA66B /* Preview Content */ = {
			isa = PBXGroup;
			children = (
				66531DAD29B0F0E4009AA66B /* Preview Assets.xcassets */,
			);
			path = "Preview Content";
			sourceTree = "<group>";
		};
		6675BD0929B0F4BF000748E2 /* Views */ = {
			isa = PBXGroup;
			children = (
				66531DA829B0F0E2009AA66B /* ContentView.swift */,
				66D84E7429B776EE000B6D4C /* HomeView.swift */,
				48E58DC729C8957A00D68A82 /* SurveyView.swift */,
				48E58DC929C895D500D68A82 /* CheckBox.swift */,
				664DF0D429D1DCD100E69DE4 /* SettingsView.swift */,
				6609B4A429ED69DC00D03956 /* CustomTabBar.swift */,
				6609B4A629ED6A8900D03956 /* ProgressBar.swift */,
			);
			path = Views;
			sourceTree = "<group>";
		};
		6675BD0A29B0F4CB000748E2 /* Models */ = {
			isa = PBXGroup;
			children = (
				66D84E7629B776F7000B6D4C /* UserInfo.swift */,
				42561ACF29CDDB8000DB675D /* LocationManager.swift */,
				66D84E7829B7801B000B6D4C /* Constants.swift */,
				42561AD129CDDBC800DB675D /* FetchData.swift */,
				42A5F77B29D1E0180097B66A /* WaterWatchApp.swift */,
			);
			path = Models;
			sourceTree = "<group>";
		};
		6675BD0B29B0F4F1000748E2 /* Auth */ = {
			isa = PBXGroup;
			children = (
				667ADFD929B0F7440062C6F0 /* AuthenticationView.swift */,
				667ADFDB29B0F7520062C6F0 /* LoginView.swift */,
				667ADFDD29B0F75F0062C6F0 /* SignUpView.swift */,
				667ADFDF29B0F7740062C6F0 /* ForgotPassword.swift */,
			);
			path = Auth;
			sourceTree = "<group>";
		};
/* End PBXGroup section */

/* Begin PBXNativeTarget section */
		489534C629CDD90800730177 /* WaterWatchWidgetExtension */ = {
			isa = PBXNativeTarget;
			buildConfigurationList = 489534DB29CDD90C00730177 /* Build configuration list for PBXNativeTarget "WaterWatchWidgetExtension" */;
			buildPhases = (
				489534C329CDD90800730177 /* Sources */,
				489534C429CDD90800730177 /* Frameworks */,
				489534C529CDD90800730177 /* Resources */,
			);
			buildRules = (
			);
			dependencies = (
			);
			name = WaterWatchWidgetExtension;
			productName = WaterWatchWidgetExtension;
			productType = "com.apple.product-type.app-extension";
		};
		66531DA229B0F0E2009AA66B /* WaterWatch */ = {
			isa = PBXNativeTarget;
			buildConfigurationList = 66531DB129B0F0E4009AA66B /* Build configuration list for PBXNativeTarget "WaterWatch" */;
			buildPhases = (
				4C5CD2CD4946B12A9B1935B0 /* [CP] Check Pods Manifest.lock */,
				66531D9F29B0F0E2009AA66B /* Sources */,
				66531DA029B0F0E2009AA66B /* Frameworks */,
				66531DA129B0F0E2009AA66B /* Resources */,
				6ABBEEA20EFAEE330C58680F /* [CP] Embed Pods Frameworks */,
				489534D829CDD90C00730177 /* Embed App Extensions */,
			);
			buildRules = (
			);
			dependencies = (
				489534D629CDD90B00730177 /* PBXTargetDependency */,
			);
			name = WaterWatch;
			productName = WaterWatch;
			productReference = 66531DA329B0F0E2009AA66B /* WaterWatch.app */;
			productType = "com.apple.product-type.application";
		};
/* End PBXNativeTarget section */

/* Begin PBXProject section */
		66531D9B29B0F0E2009AA66B /* Project object */ = {
			isa = PBXProject;
			attributes = {
				BuildIndependentTargetsInParallel = 1;
				LastSwiftUpdateCheck = 1340;
				LastUpgradeCheck = 1340;
				TargetAttributes = {
					489534C629CDD90800730177 = {
						CreatedOnToolsVersion = 13.4.1;
					};
					66531DA229B0F0E2009AA66B = {
						CreatedOnToolsVersion = 13.4.1;
					};
				};
			};
			buildConfigurationList = 66531D9E29B0F0E2009AA66B /* Build configuration list for PBXProject "WaterWatch" */;
			compatibilityVersion = "Xcode 13.0";
			developmentRegion = en;
			hasScannedForEncodings = 0;
			knownRegions = (
				en,
				Base,
			);
			mainGroup = 66531D9A29B0F0E2009AA66B;
			productRefGroup = 66531DA429B0F0E2009AA66B /* Products */;
			projectDirPath = "";
			projectRoot = "";
			targets = (
				66531DA229B0F0E2009AA66B /* WaterWatch */,
				489534C629CDD90800730177 /* WaterWatchWidgetExtension */,
			);
		};
/* End PBXProject section */

/* Begin PBXResourcesBuildPhase section */
		489534C529CDD90800730177 /* Resources */ = {
			isa = PBXResourcesBuildPhase;
			buildActionMask = 2147483647;
			files = (
			);
			runOnlyForDeploymentPostprocessing = 0;
		};
		66531DA129B0F0E2009AA66B /* Resources */ = {
			isa = PBXResourcesBuildPhase;
			buildActionMask = 2147483647;
			files = (
				66531DAE29B0F0E4009AA66B /* Preview Assets.xcassets in Resources */,
				66531DAB29B0F0E4009AA66B /* Assets.xcassets in Resources */,
				6675BD0829B0F442000748E2 /* GoogleService-Info.plist in Resources */,
			);
			runOnlyForDeploymentPostprocessing = 0;
		};
/* End PBXResourcesBuildPhase section */

/* Begin PBXShellScriptBuildPhase section */
		4C5CD2CD4946B12A9B1935B0 /* [CP] Check Pods Manifest.lock */ = {
			isa = PBXShellScriptBuildPhase;
			buildActionMask = 2147483647;
			files = (
			);
			inputFileListPaths = (
			);
			inputPaths = (
				"${PODS_PODFILE_DIR_PATH}/Podfile.lock",
				"${PODS_ROOT}/Manifest.lock",
			);
			name = "[CP] Check Pods Manifest.lock";
			outputFileListPaths = (
			);
			outputPaths = (
				"$(DERIVED_FILE_DIR)/Pods-WaterWatch-checkManifestLockResult.txt",
			);
			runOnlyForDeploymentPostprocessing = 0;
			shellPath = /bin/sh;
			shellScript = "diff \"${PODS_PODFILE_DIR_PATH}/Podfile.lock\" \"${PODS_ROOT}/Manifest.lock\" > /dev/null\nif [ $? != 0 ] ; then\n    # print error to STDERR\n    echo \"error: The sandbox is not in sync with the Podfile.lock. Run 'pod install' or update your CocoaPods installation.\" >&2\n    exit 1\nfi\n# This output is used by Xcode 'outputs' to avoid re-running this script phase.\necho \"SUCCESS\" > \"${SCRIPT_OUTPUT_FILE_0}\"\n";
			showEnvVarsInLog = 0;
		};
		6ABBEEA20EFAEE330C58680F /* [CP] Embed Pods Frameworks */ = {
			isa = PBXShellScriptBuildPhase;
			buildActionMask = 2147483647;
			files = (
			);
			inputFileListPaths = (
				"${PODS_ROOT}/Target Support Files/Pods-WaterWatch/Pods-WaterWatch-frameworks-${CONFIGURATION}-input-files.xcfilelist",
			);
			name = "[CP] Embed Pods Frameworks";
			outputFileListPaths = (
				"${PODS_ROOT}/Target Support Files/Pods-WaterWatch/Pods-WaterWatch-frameworks-${CONFIGURATION}-output-files.xcfilelist",
			);
			runOnlyForDeploymentPostprocessing = 0;
			shellPath = /bin/sh;
			shellScript = "\"${PODS_ROOT}/Target Support Files/Pods-WaterWatch/Pods-WaterWatch-frameworks.sh\"\n";
			showEnvVarsInLog = 0;
		};
/* End PBXShellScriptBuildPhase section */

/* Begin PBXSourcesBuildPhase section */
		489534C329CDD90800730177 /* Sources */ = {
			isa = PBXSourcesBuildPhase;
			buildActionMask = 2147483647;
			files = (
			);
			runOnlyForDeploymentPostprocessing = 0;
		};
		66531D9F29B0F0E2009AA66B /* Sources */ = {
			isa = PBXSourcesBuildPhase;
			buildActionMask = 2147483647;
			files = (
				66531DA929B0F0E2009AA66B /* ContentView.swift in Sources */,
				6609B4A529ED69DC00D03956 /* CustomTabBar.swift in Sources */,
				667ADFDE29B0F75F0062C6F0 /* SignUpView.swift in Sources */,
				48E58DCA29C895D500D68A82 /* CheckBox.swift in Sources */,
				42A5F77C29D1E0180097B66A /* WaterWatchApp.swift in Sources */,
				667ADFDC29B0F7520062C6F0 /* LoginView.swift in Sources */,
				6609B4A729ED6A8900D03956 /* ProgressBar.swift in Sources */,
				667ADFDA29B0F7440062C6F0 /* AuthenticationView.swift in Sources */,
				66D84E7529B776EE000B6D4C /* HomeView.swift in Sources */,
				664DF0D529D1DCD100E69DE4 /* SettingsView.swift in Sources */,
				66D84E7729B776F7000B6D4C /* UserInfo.swift in Sources */,
				42561AD029CDDB8000DB675D /* LocationManager.swift in Sources */,
				667ADFE029B0F7740062C6F0 /* ForgotPassword.swift in Sources */,
				42561AD229CDDBC800DB675D /* FetchData.swift in Sources */,
				48E58DC829C8957A00D68A82 /* SurveyView.swift in Sources */,
				66D84E7929B7801B000B6D4C /* Constants.swift in Sources */,
			);
			runOnlyForDeploymentPostprocessing = 0;
		};
/* End PBXSourcesBuildPhase section */

/* Begin PBXTargetDependency section */
		489534D629CDD90B00730177 /* PBXTargetDependency */ = {
			isa = PBXTargetDependency;
			target = 489534C629CDD90800730177 /* WaterWatchWidgetExtension */;
			targetProxy = 489534D529CDD90B00730177 /* PBXContainerItemProxy */;
		};
/* End PBXTargetDependency section */

/* Begin XCBuildConfiguration section */
		489534D929CDD90C00730177 /* Debug */ = {
			isa = XCBuildConfiguration;
			buildSettings = {
				ASSETCATALOG_COMPILER_GLOBAL_ACCENT_COLOR_NAME = AccentColor;
				ASSETCATALOG_COMPILER_WIDGET_BACKGROUND_COLOR_NAME = WidgetBackground;
				CODE_SIGN_STYLE = Automatic;
				CURRENT_PROJECT_VERSION = 1;
				DEVELOPMENT_TEAM = 84W8MQ4ZH9;
				GENERATE_INFOPLIST_FILE = YES;
				INFOPLIST_FILE = WaterWatchWidget/Info.plist;
				INFOPLIST_KEY_CFBundleDisplayName = WaterWatchWidget;
				INFOPLIST_KEY_NSHumanReadableCopyright = "";
				LD_RUNPATH_SEARCH_PATHS = (
					"$(inherited)",
					"@executable_path/Frameworks",
					"@executable_path/../../Frameworks",
				);
				MARKETING_VERSION = 1.0;
				PRODUCT_BUNDLE_IDENTIFIER = coding.WaterWatch.WaterWatchWidget;
				PRODUCT_NAME = "$(TARGET_NAME)";
				SKIP_INSTALL = YES;
				SWIFT_EMIT_LOC_STRINGS = YES;
				SWIFT_VERSION = 5.0;
				TARGETED_DEVICE_FAMILY = "1,2";
			};
			name = Debug;
		};
		489534DA29CDD90C00730177 /* Release */ = {
			isa = XCBuildConfiguration;
			buildSettings = {
				ASSETCATALOG_COMPILER_GLOBAL_ACCENT_COLOR_NAME = AccentColor;
				ASSETCATALOG_COMPILER_WIDGET_BACKGROUND_COLOR_NAME = WidgetBackground;
				CODE_SIGN_STYLE = Automatic;
				CURRENT_PROJECT_VERSION = 1;
				DEVELOPMENT_TEAM = 84W8MQ4ZH9;
				GENERATE_INFOPLIST_FILE = YES;
				INFOPLIST_FILE = WaterWatchWidget/Info.plist;
				INFOPLIST_KEY_CFBundleDisplayName = WaterWatchWidget;
				INFOPLIST_KEY_NSHumanReadableCopyright = "";
				LD_RUNPATH_SEARCH_PATHS = (
					"$(inherited)",
					"@executable_path/Frameworks",
					"@executable_path/../../Frameworks",
				);
				MARKETING_VERSION = 1.0;
				PRODUCT_BUNDLE_IDENTIFIER = coding.WaterWatch.WaterWatchWidget;
				PRODUCT_NAME = "$(TARGET_NAME)";
				SKIP_INSTALL = YES;
				SWIFT_EMIT_LOC_STRINGS = YES;
				SWIFT_VERSION = 5.0;
				TARGETED_DEVICE_FAMILY = "1,2";
			};
			name = Release;
		};
		66531DAF29B0F0E4009AA66B /* Debug */ = {
			isa = XCBuildConfiguration;
			buildSettings = {
				ALWAYS_SEARCH_USER_PATHS = NO;
				CLANG_ANALYZER_NONNULL = YES;
				CLANG_ANALYZER_NUMBER_OBJECT_CONVERSION = YES_AGGRESSIVE;
				CLANG_CXX_LANGUAGE_STANDARD = "gnu++17";
				CLANG_ENABLE_MODULES = YES;
				CLANG_ENABLE_OBJC_ARC = YES;
				CLANG_ENABLE_OBJC_WEAK = YES;
				CLANG_WARN_BLOCK_CAPTURE_AUTORELEASING = YES;
				CLANG_WARN_BOOL_CONVERSION = YES;
				CLANG_WARN_COMMA = YES;
				CLANG_WARN_CONSTANT_CONVERSION = YES;
				CLANG_WARN_DEPRECATED_OBJC_IMPLEMENTATIONS = YES;
				CLANG_WARN_DIRECT_OBJC_ISA_USAGE = YES_ERROR;
				CLANG_WARN_DOCUMENTATION_COMMENTS = YES;
				CLANG_WARN_EMPTY_BODY = YES;
				CLANG_WARN_ENUM_CONVERSION = YES;
				CLANG_WARN_INFINITE_RECURSION = YES;
				CLANG_WARN_INT_CONVERSION = YES;
				CLANG_WARN_NON_LITERAL_NULL_CONVERSION = YES;
				CLANG_WARN_OBJC_IMPLICIT_RETAIN_SELF = YES;
				CLANG_WARN_OBJC_LITERAL_CONVERSION = YES;
				CLANG_WARN_OBJC_ROOT_CLASS = YES_ERROR;
				CLANG_WARN_QUOTED_INCLUDE_IN_FRAMEWORK_HEADER = YES;
				CLANG_WARN_RANGE_LOOP_ANALYSIS = YES;
				CLANG_WARN_STRICT_PROTOTYPES = YES;
				CLANG_WARN_SUSPICIOUS_MOVE = YES;
				CLANG_WARN_UNGUARDED_AVAILABILITY = YES_AGGRESSIVE;
				CLANG_WARN_UNREACHABLE_CODE = YES;
				CLANG_WARN__DUPLICATE_METHOD_MATCH = YES;
				COPY_PHASE_STRIP = NO;
				DEBUG_INFORMATION_FORMAT = dwarf;
				ENABLE_STRICT_OBJC_MSGSEND = YES;
				ENABLE_TESTABILITY = YES;
				GCC_C_LANGUAGE_STANDARD = gnu11;
				GCC_DYNAMIC_NO_PIC = NO;
				GCC_NO_COMMON_BLOCKS = YES;
				GCC_OPTIMIZATION_LEVEL = 0;
				GCC_PREPROCESSOR_DEFINITIONS = (
					"DEBUG=1",
					"$(inherited)",
				);
				GCC_WARN_64_TO_32_BIT_CONVERSION = YES;
				GCC_WARN_ABOUT_RETURN_TYPE = YES_ERROR;
				GCC_WARN_UNDECLARED_SELECTOR = YES;
				GCC_WARN_UNINITIALIZED_AUTOS = YES_AGGRESSIVE;
				GCC_WARN_UNUSED_FUNCTION = YES;
				GCC_WARN_UNUSED_VARIABLE = YES;
				IPHONEOS_DEPLOYMENT_TARGET = 15.5;
				MTL_ENABLE_DEBUG_INFO = INCLUDE_SOURCE;
				MTL_FAST_MATH = YES;
				ONLY_ACTIVE_ARCH = YES;
				SDKROOT = iphoneos;
				SWIFT_ACTIVE_COMPILATION_CONDITIONS = DEBUG;
				SWIFT_OPTIMIZATION_LEVEL = "-Onone";
			};
			name = Debug;
		};
		66531DB029B0F0E4009AA66B /* Release */ = {
			isa = XCBuildConfiguration;
			buildSettings = {
				ALWAYS_SEARCH_USER_PATHS = NO;
				CLANG_ANALYZER_NONNULL = YES;
				CLANG_ANALYZER_NUMBER_OBJECT_CONVERSION = YES_AGGRESSIVE;
				CLANG_CXX_LANGUAGE_STANDARD = "gnu++17";
				CLANG_ENABLE_MODULES = YES;
				CLANG_ENABLE_OBJC_ARC = YES;
				CLANG_ENABLE_OBJC_WEAK = YES;
				CLANG_WARN_BLOCK_CAPTURE_AUTORELEASING = YES;
				CLANG_WARN_BOOL_CONVERSION = YES;
				CLANG_WARN_COMMA = YES;
				CLANG_WARN_CONSTANT_CONVERSION = YES;
				CLANG_WARN_DEPRECATED_OBJC_IMPLEMENTATIONS = YES;
				CLANG_WARN_DIRECT_OBJC_ISA_USAGE = YES_ERROR;
				CLANG_WARN_DOCUMENTATION_COMMENTS = YES;
				CLANG_WARN_EMPTY_BODY = YES;
				CLANG_WARN_ENUM_CONVERSION = YES;
				CLANG_WARN_INFINITE_RECURSION = YES;
				CLANG_WARN_INT_CONVERSION = YES;
				CLANG_WARN_NON_LITERAL_NULL_CONVERSION = YES;
				CLANG_WARN_OBJC_IMPLICIT_RETAIN_SELF = YES;
				CLANG_WARN_OBJC_LITERAL_CONVERSION = YES;
				CLANG_WARN_OBJC_ROOT_CLASS = YES_ERROR;
				CLANG_WARN_QUOTED_INCLUDE_IN_FRAMEWORK_HEADER = YES;
				CLANG_WARN_RANGE_LOOP_ANALYSIS = YES;
				CLANG_WARN_STRICT_PROTOTYPES = YES;
				CLANG_WARN_SUSPICIOUS_MOVE = YES;
				CLANG_WARN_UNGUARDED_AVAILABILITY = YES_AGGRESSIVE;
				CLANG_WARN_UNREACHABLE_CODE = YES;
				CLANG_WARN__DUPLICATE_METHOD_MATCH = YES;
				COPY_PHASE_STRIP = NO;
				DEBUG_INFORMATION_FORMAT = "dwarf-with-dsym";
				ENABLE_NS_ASSERTIONS = NO;
				ENABLE_STRICT_OBJC_MSGSEND = YES;
				GCC_C_LANGUAGE_STANDARD = gnu11;
				GCC_NO_COMMON_BLOCKS = YES;
				GCC_WARN_64_TO_32_BIT_CONVERSION = YES;
				GCC_WARN_ABOUT_RETURN_TYPE = YES_ERROR;
				GCC_WARN_UNDECLARED_SELECTOR = YES;
				GCC_WARN_UNINITIALIZED_AUTOS = YES_AGGRESSIVE;
				GCC_WARN_UNUSED_FUNCTION = YES;
				GCC_WARN_UNUSED_VARIABLE = YES;
				IPHONEOS_DEPLOYMENT_TARGET = 15.5;
				MTL_ENABLE_DEBUG_INFO = NO;
				MTL_FAST_MATH = YES;
				SDKROOT = iphoneos;
				SWIFT_COMPILATION_MODE = wholemodule;
				SWIFT_OPTIMIZATION_LEVEL = "-O";
				VALIDATE_PRODUCT = YES;
			};
			name = Release;
		};
		66531DB229B0F0E4009AA66B /* Debug */ = {
			isa = XCBuildConfiguration;
			baseConfigurationReference = DD49101D7B716E453B290B8C /* Pods-WaterWatch.debug.xcconfig */;
			buildSettings = {
				ALWAYS_EMBED_SWIFT_STANDARD_LIBRARIES = YES;
				ASSETCATALOG_COMPILER_APPICON_NAME = AppIcon;
				ASSETCATALOG_COMPILER_GLOBAL_ACCENT_COLOR_NAME = AccentColor;
				CODE_SIGN_STYLE = Automatic;
				CURRENT_PROJECT_VERSION = 1;
				DEVELOPMENT_ASSET_PATHS = "\"WaterWatch/Preview Content\"";
				DEVELOPMENT_TEAM = 84W8MQ4ZH9;
				ENABLE_PREVIEWS = YES;
				GENERATE_INFOPLIST_FILE = YES;
				INFOPLIST_KEY_UIApplicationSceneManifest_Generation = YES;
				INFOPLIST_KEY_UIApplicationSupportsIndirectInputEvents = YES;
				INFOPLIST_KEY_UILaunchScreen_Generation = YES;
				INFOPLIST_KEY_UISupportedInterfaceOrientations_iPad = "UIInterfaceOrientationPortrait UIInterfaceOrientationPortraitUpsideDown UIInterfaceOrientationLandscapeLeft UIInterfaceOrientationLandscapeRight";
				INFOPLIST_KEY_UISupportedInterfaceOrientations_iPhone = "UIInterfaceOrientationPortrait UIInterfaceOrientationLandscapeLeft UIInterfaceOrientationLandscapeRight";
				LD_RUNPATH_SEARCH_PATHS = (
					"$(inherited)",
					"@executable_path/Frameworks",
				);
				MARKETING_VERSION = 1.0;
				PRODUCT_BUNDLE_IDENTIFIER = coding.WaterWatch;
				PRODUCT_NAME = "$(TARGET_NAME)";
				SWIFT_EMIT_LOC_STRINGS = YES;
				SWIFT_VERSION = 5.0;
				TARGETED_DEVICE_FAMILY = "1,2";
			};
			name = Debug;
		};
		66531DB329B0F0E4009AA66B /* Release */ = {
			isa = XCBuildConfiguration;
			baseConfigurationReference = 140D06774E21C4F1D5AFD2B4 /* Pods-WaterWatch.release.xcconfig */;
			buildSettings = {
				ALWAYS_EMBED_SWIFT_STANDARD_LIBRARIES = YES;
				ASSETCATALOG_COMPILER_APPICON_NAME = AppIcon;
				ASSETCATALOG_COMPILER_GLOBAL_ACCENT_COLOR_NAME = AccentColor;
				CODE_SIGN_STYLE = Automatic;
				CURRENT_PROJECT_VERSION = 1;
				DEVELOPMENT_ASSET_PATHS = "\"WaterWatch/Preview Content\"";
				DEVELOPMENT_TEAM = 84W8MQ4ZH9;
				ENABLE_PREVIEWS = YES;
				GENERATE_INFOPLIST_FILE = YES;
				INFOPLIST_KEY_UIApplicationSceneManifest_Generation = YES;
				INFOPLIST_KEY_UIApplicationSupportsIndirectInputEvents = YES;
				INFOPLIST_KEY_UILaunchScreen_Generation = YES;
				INFOPLIST_KEY_UISupportedInterfaceOrientations_iPad = "UIInterfaceOrientationPortrait UIInterfaceOrientationPortraitUpsideDown UIInterfaceOrientationLandscapeLeft UIInterfaceOrientationLandscapeRight";
				INFOPLIST_KEY_UISupportedInterfaceOrientations_iPhone = "UIInterfaceOrientationPortrait UIInterfaceOrientationLandscapeLeft UIInterfaceOrientationLandscapeRight";
				LD_RUNPATH_SEARCH_PATHS = (
					"$(inherited)",
					"@executable_path/Frameworks",
				);
				MARKETING_VERSION = 1.0;
				PRODUCT_BUNDLE_IDENTIFIER = coding.WaterWatch;
				PRODUCT_NAME = "$(TARGET_NAME)";
				SWIFT_EMIT_LOC_STRINGS = YES;
				SWIFT_VERSION = 5.0;
				TARGETED_DEVICE_FAMILY = "1,2";
			};
			name = Release;
		};
/* End XCBuildConfiguration section */

/* Begin XCConfigurationList section */
		489534DB29CDD90C00730177 /* Build configuration list for PBXNativeTarget "WaterWatchWidgetExtension" */ = {
			isa = XCConfigurationList;
			buildConfigurations = (
				489534D929CDD90C00730177 /* Debug */,
				489534DA29CDD90C00730177 /* Release */,
			);
			defaultConfigurationIsVisible = 0;
			defaultConfigurationName = Release;
		};
		66531D9E29B0F0E2009AA66B /* Build configuration list for PBXProject "WaterWatch" */ = {
			isa = XCConfigurationList;
			buildConfigurations = (
				66531DAF29B0F0E4009AA66B /* Debug */,
				66531DB029B0F0E4009AA66B /* Release */,
			);
			defaultConfigurationIsVisible = 0;
			defaultConfigurationName = Release;
		};
		66531DB129B0F0E4009AA66B /* Build configuration list for PBXNativeTarget "WaterWatch" */ = {
			isa = XCConfigurationList;
			buildConfigurations = (
				66531DB229B0F0E4009AA66B /* Debug */,
				66531DB329B0F0E4009AA66B /* Release */,
			);
			defaultConfigurationIsVisible = 0;
			defaultConfigurationName = Release;
		};
/* End XCConfigurationList section */
	};
	rootObject = 66531D9B29B0F0E2009AA66B /* Project object */;
}
